version = 1
revision = 3
requires-python = ">=3.13"

[[package]]
name = "annotated-doc"
version = "0.0.4"
source = { registry = "https://pypi.org/simple" }
sdist = { url = "https://files.pythonhosted.org/packages/57/ba/046ceea27344560984e26a590f90bc7f4a75b06701f653222458922b558c/annotated_doc-0.0.4.tar.gz", hash = "sha256:fbcda96e87e9c92ad167c2e53839e57503ecfda18804ea28102353485033faa4", size = 7288, upload-time = "2025-11-10T22:07:42.062Z" }
wheels = [
    { url = "https://files.pythonhosted.org/packages/1e/d3/26bf1008eb3d2daa8ef4cacc7f3bfdc11818d111f7e2d0201bc6e3b49d45/annotated_doc-0.0.4-py3-none-any.whl", hash = "sha256:571ac1dc6991c450b25a9c2d84a3705e2ae7a53467b5d111c24fa8baabbed320", size = 5303, upload-time = "2025-11-10T22:07:40.673Z" },
]

[[package]]
name = "click"
version = "8.3.3"
source = { registry = "https://pypi.org/simple" }
dependencies = [
    { name = "colorama", marker = "sys_platform == 'win32'" },
]
sdist = { url = "https://files.pythonhosted.org/packages/bb/63/f9e1ea081ce35720d8b92acde70daaedace594dc93b693c869e0d5910718/click-8.3.3.tar.gz", hash = "sha256:398329ad4837b2ff7cbe1dd166a4c0f8900c3ca3a218de04466f38f6497f18a2", size = 328061, upload-time = "2026-04-22T15:11:27.506Z" }
wheels = [
    { url = "https://files.pythonhosted.org/packages/ae/44/c1221527f6a71a01ec6fbad7fa78f1d50dfa02217385cf0fa3eec7087d59/click-8.3.3-py3-none-any.whl", hash = "sha256:a2bf429bb3033c89fa4936ffb35d5cb471e3719e1f3c8a7c3fff0b8314305613", size = 110502, upload-time = "2026-04-22T15:11:25.044Z" },
]

[[package]]
name = "colorama"
version = "0.4.6"
source = { registry = "https://pypi.org/simple" }
sdist = { url = "https://files.pythonhosted.org/packages/d8/53/6f443c9a4a8358a93a6792e2acffb9d9d5cb0a5cfd8802644b7b1c9a02e4/colorama-0.4.6.tar.gz", hash = "sha256:08695f5cb7ed6e0531a20572697297273c47b8cae5a63ffc6d6ed5c201be6e44", size = 27697, upload-time = "2022-10-25T02:36:22.414Z" }
wheels = [
    { url = "https://files.pythonhosted.org/packages/d1/d6/3965ed04c63042e047cb6a3e6ed1a63a35087b6a609aa3a15ed8ac56c221/colorama-0.4.6-py2.py3-none-any.whl", hash = "sha256:4f1d9991f5acc0ca119f9d443620b77f9d6b33703e51011c16baf57afb285fc6", size = 25335, upload-time = "2022-10-25T02:36:20.889Z" },
]

[[package]]
name = "coverage"
version = "7.15.3"
source = { registry = "https://pypi.org/simple" }
sdist = { url = "https://files.pythonhosted.org/packages/f4/45/78dbf9604ee5b3db24efbf26bed1cb58862fb40480cba821963c69348751/coverage-7.15.3.tar.gz", hash = "sha256:ae7ea5a4614acf399ef0483c4cb34f8f8f01df848d8fcbe7d3ce0865733f1c4d", size = 935592, upload-time = "2026-08-02T18:50:17.006Z" }
wheels = [
    { url = "https://files.pythonhosted.org/packages/68/6e/62ae61e1fc434956bec38ed1d5b1c494f58cf579dbd998e77abffe7b3e6b/coverage-7.15.3-cp313-cp313-macosx_10_13_x86_64.whl", hash = "sha256:1182eed05674c63d40951fae27c43e822749f04d25f75df64c2e4fa3168678de", size = 222522, upload-time = "2026-08-02T18:48:42.476Z" },
    { url = "https://files.pythonhosted.org/packages/13/ff/c74c673d81e0e77b6608c3d21331e3db42e30daeb3c8a0a8860d4c9e2e14/coverage-7.15.3-cp313-cp313-macosx_11_0_arm64.whl", hash = "sha256:c0c4b0d7c4cd56e470d0c9d8441f42e8a96cdfd95050fec027f1d4dd9f11006c", size = 222894, upload-time = "2026-08-02T18:48:44.274Z" },
    { url = "https://files.pythonhosted.org/packages/a1/91/ccb30f5ffafd7d69d0b18e5162f9b711a5654e807b7b0c13497f0826b33f/coverage-7.15.3-cp313-cp313-manylinux1_i686.manylinux_2_28_i686.manylinux_2_5_i686.whl", hash = "sha256:5c9fce9f4998b0d50a753da765b9215a14decc7863822c89d72da7a89ca625b3", size = 253890, upload-time = "2026-08-02T18:48:46.097Z" },
    { url = "https://files.pythonhosted.org/packages/29/c6/e92a66cda49a2751b09826d51258f199b92aa0cb005bc5f34e9729a52a9c/coverage-7.15.3-cp313-cp313-manylinux1_x86_64.manylinux_2_28_x86_64.manylinux_2_5_x86_64.whl", hash = "sha256:7a47e2a0a0ace9241e70ee00e44520f88b843094603dd54303f1bafecd929c30", size = 256484, upload-time = "2026-08-02T18:48:47.846Z" },
    { url = "https://files.pythonhosted.org/packages/96/7a/730929164b457cf25cf76c23898b90f9039a104a647890801b6586797b14/coverage-7.15.3-cp313-cp313-manylinux2014_aarch64.manylinux_2_17_aarch64.manylinux_2_28_aarch64.whl", hash = "sha256:95bad94f83807ae60ed76f3ac012f69b2605ac9ea81bee959a5a483f7fa09c10", size = 257723, upload-time = "2026-08-02T18:48:49.664Z" },
    { url = "https://files.pythonhosted.org/packages/9e/be/04cb5672cb19f5c389eda81ba22d89807699a949653d3625b0e0fda169da/coverage-7.15.3-cp313-cp313-manylinux2014_ppc64le.manylinux_2_17_ppc64le.manylinux_2_28_ppc64le.whl", hash = "sha256:228e172a76c428bb17d1ab78a2ff188990b0597e5dbd291f52a4edf7412de049", size = 259854, upload-time = "2026-08-02T18:48:51.413Z" },
    { url = "https://files.pythonhosted.org/packages/96/25/5e7fd6af39f6507071455944b8906dd1fe5b7b6bffb6a163ceb20afa0d13/coverage-7.15.3-cp313-cp313-manylinux_2_31_riscv64.manylinux_2_39_riscv64.whl", hash = "sha256:cea9fb33887c99349996266f1fd60abe5af3577a90633392001d27ef46b4b66e", size = 254085, upload-time = "2026-08-02T18:48:53.158Z" },
    { url = "https://files.pythonhosted.org/packages/23/c8/55e58a853f1e61163a6e755897bd14a059d78411e86560f39d9951c019b5/coverage-7.15.3-cp313-cp313-musllinux_1_2_aarch64.whl", hash = "sha256:81760de3155d7f52c21860c4046628dc6bed182f72e3c028e2b4fd46f65aa040", size = 255850, upload-time = "2026-08-02T18:48:55.031Z" },
    { url = "https://files.pythonhosted.org/packages/be/74/8bcec66dbcf3d22bea2a0b2b77ee2fa6f766a647d0023d4eabbc4f2b2756/coverage-7.15.3-cp313-cp313-musllinux_1_2_i686.whl", hash = "sha256:b47ea0a1d3a3d089826c6cbfad8429d7d8872e28e86baa95ddef330f6875da21", size = 253818, upload-time = "2026-08-02T18:48:57.163Z" },
    { url = "https://files.pythonhosted.org/packages/ce/06/450b673fdfece0997b4e16a31d6bde6b18889c578f1013ddd34c962ac6f9/coverage-7.15.3-cp313-cp313-musllinux_1_2_ppc64le.whl", hash = "sha256:5459ba486b2a5d58a6c05254779ecdf525e7f20174d0210ceda75ba40fdb8f2c", size = 257973, upload-time = "2026-08-02T18:48:59.098Z" },
    { url = "https://files.pythonhosted.org/packages/56/fd/3ec7409aec0ddc943132452b65672f065f043b844f1830e1fe173c98b3ab/coverage-7.15.3-cp313-cp313-musllinux_1_2_riscv64.whl", hash = "sha256:c59209f80a08dbfcdd5109a80dc623cd3b9d22895c85757d34f57a6e6e95570f", size = 253638, upload-time = "2026-08-02T18:49:01.199Z" },
    { url = "https://files.pythonhosted.org/packages/75/20/30a8dabb194123631c93f860fdd86401ad405d56cfb1841873afbfe4e92b/coverage-7.15.3-cp313-cp313-musllinux_1_2_x86_64.whl", hash = "sha256:f863856c1779d4a5bb6a94698a2f9073e09c6706501f76f3e7780e72df97d21c", size = 255407, upload-time = "2026-08-02T18:49:03.143Z" },
    { url = "https://files.pythonhosted.org/packages/13/4d/e14365b1953b43653341412f9088b0d752614c626a73a705ff9af400f3a3/coverage-7.15.3-cp313-cp313-win32.whl", hash = "sha256:00cbdc5e322927dc30c5e42b863819b1bb867cc66f26ab5372c585850876ab93", size = 224575, upload-time = "2026-08-02T18:49:05.011Z" },
    { url = "https://files.pythonhosted.org/packages/1c/64/88f762ea80de2070207246faef514513be874486b2773528f2cc2b4b515c/coverage-7.15.3-cp313-cp313-win_amd64.whl", hash = "sha256:835528518a1d823cf336740324b2f335f7c01e609e74abcb5d5163b3e66661e3", size = 225116, upload-time = "2026-08-02T18:49:06.894Z" },
    { url = "https://files.pythonhosted.org/packages/ab/66/03c34c53a319f522554cd29d4f2e16c5eab61aa4cdcf55753129fd7d926c/coverage-7.15.3-cp313-cp313-win_arm64.whl", hash = "sha256:0d2e1f2cbbf36b842f3e2aff8d118c60d677adb498bc6c7fa9c6838738f82767", size = 224509, upload-time = "2026-08-02T18:49:09.129Z" },
    { url = "https://files.pythonhosted.org/packages/35/6f/8c2dc014357618b3226c90f731b8282766c3685786f422558991dc49fbf2/coverage-7.15.3-cp314-cp314-macosx_10_15_x86_64.whl", hash = "sha256:1e3bb08ad574bd9fb6a991f645728f70d333c1c1958dd5fcde65e24cb862813d", size = 222571, upload-time = "2026-08-02T18:49:11.242Z" },
    { url = "https://files.pythonhosted.org/packages/07/50/d867c7ceae9d56b7e74ee61ea834f1aa4f9a1e1c7f0ce39393ba573b1c12/coverage-7.15.3-cp314-cp314-macosx_11_0_arm64.whl", hash = "sha256:9e5860eaff02a0b7f1b73304bdf846596ee62ab3a78d25c68044ebf684cb1fef", size = 222902, upload-time = "2026-08-02T18:49:13.448Z" },
    { url = "https://files.pythonhosted.org/packages/62/77/4f6dfc490c5f2bcacb2d296d9aa4d1e128c43b48e94ad313fec7f49f09ad/coverage-7.15.3-cp314-cp314-manylinux1_i686.manylinux_2_28_i686.manylinux_2_5_i686.whl", hash = "sha256:60874e5bd67f0b1bdbe42ab42c7bafa66a6fb8de88721af6df3f7a02713960cd", size = 253947, upload-time = "2026-08-02T18:49:15.304Z" },
    { url = "https://files.pythonhosted.org/packages/16/8a/6777f192af264165103e2a3d3768dbadb9894a0a2359a16877141d9ae8f5/coverage-7.15.3-cp314-cp314-manylinux1_x86_64.manylinux_2_28_x86_64.manylinux_2_5_x86_64.whl", hash = "sha256:f9147be876e9d83765e0b82176674dc248a6b9283e25e01e7462611b97e9b731", size = 256452, upload-time = "2026-08-02T18:49:17.801Z" },
    { url = "https://files.pythonhosted.org/packages/7d/7b/3d7ac46a0234bc684f41ee42be95e29b2b6525695adb04083609d5ac2149/coverage-7.15.3-cp314-cp314-manylinux2014_aarch64.manylinux_2_17_aarch64.manylinux_2_28_aarch64.whl", hash = "sha256:61a01f8c3804760fcc5a3d31c4f3cab792d660d44e17bf7adeaf0ea51e07821e", size = 257798, upload-time = "2026-08-02T18:49:19.878Z" },
    { url = "https://files.pythonhosted.org/packages/ff/1e/c6ee59c29afcb5fdb35f936381340d1a06429a07c48f20e809646647acbe/coverage-7.15.3-cp314-cp314-manylinux2014_ppc64le.manylinux_2_17_ppc64le.manylinux_2_28_ppc64le.whl", hash = "sha256:95bf3e7f26f792e25eb185f85a5a659d48479265176dcfe22b6f334fd0081b5c", size = 260112, upload-time = "2026-08-02T18:49:21.858Z" },
    { url = "https://files.pythonhosted.org/packages/c1/e1/e8ea39a46e89e3a143312ee5f80336e992e3ae8fe44bf9c76b83fefeed42/coverage-7.15.3-cp314-cp314-manylinux_2_31_riscv64.manylinux_2_39_riscv64.whl", hash = "sha256:44c41eff9e413fed8740eca75d5438ebeb9d3e45e7cd37c67329213e7a72c764", size = 253944, upload-time = "2026-08-02T18:49:23.926Z" },
    { url = "https://files.pythonhosted.org/packages/95/67/31ab5f6a37fd887d1386f81f0da9306851ad2264e9baaa9c7f606e0b3e17/coverage-7.15.3-cp314-cp314-musllinux_1_2_aarch64.whl", hash = "sha256:54146bafb61f3ba9895b43af0dd17eba01561d586d44ce84ea221b0cbbee5a9e", size = 255805, upload-time = "2026-08-02T18:49:25.973Z" },
    { url = "https://files.pythonhosted.org/packages/fb/6a/ee505a80c8fd89620fb337c0596daecff87f33171fbb4ee3015fc3d7331f/coverage-7.15.3-cp314-cp314-musllinux_1_2_i686.whl", hash = "sha256:af000dd1bb859ff8066fda4c79512ff938c798116540307226b373099c7b151f", size = 253769, upload-time = "2026-08-02T18:49:27.883Z" },
    { url = "https://files.pythonhosted.org/packages/b0/41/6ab0f81c9e89660230d8f3f581d4732e5ddb75a885b0a5dfc73d315dc94f/coverage-7.15.3-cp314-cp314-musllinux_1_2_ppc64le.whl", hash = "sha256:a1b82490577f3889950b5a04f18712aef0207243e0749d60fe28c3c73ebfd5fd", size = 258045, upload-time = "2026-08-02T18:49:30.201Z" },
    { url = "https://files.pythonhosted.org/packages/bc/62/c995e91cae28cf31d6defab3bfb553dda5ac83ac7381b0f2b121264c307a/coverage-7.15.3-cp314-cp314-musllinux_1_2_riscv64.whl", hash = "sha256:c4fc90a60154c3e4b8a2dc206d6dbe852f1c235c249e0dc0cef909d032c9591a", size = 253587, upload-time = "2026-08-02T18:49:32.349Z" },
    { url = "https://files.pythonhosted.org/packages/84/df/f2049980f82d6890321f2065f9e66216eabbf4b2001815db958bc543f40a/coverage-7.15.3-cp314-cp314-musllinux_1_2_x86_64.whl", hash = "sha256:f25bb884814a892948b4c20394db3f2364dd452d9492736479e7a493e63b0eb6", size = 255243, upload-time = "2026-08-02T18:49:34.324Z" },
    { url = "https://files.pythonhosted.org/packages/1d/82/2c841b67a978c0eb9c3707630b68f93f9e7585d78bb906bc8823ec6b07a5/coverage-7.15.3-cp314-cp314-win32.whl", hash = "sha256:722dbf8e7828fbcfe0dc8586167dc0a5ce85ad6ea171dbb21ed3f8d6581d3cb8", size = 224759, upload-time = "2026-08-02T18:49:36.326Z" },
    { url = "https://files.pythonhosted.org/packages/b3/78/5c93ec43784fd3e404ca23cd0584ae24bc1732de4a3fc194b68c3be88db0/coverage-7.15.3-cp314-cp314-win_amd64.whl", hash = "sha256:64d0845f9c3ed47302bed265c15ab4dbb64aa4ec1490839b8e328f4e7fa914d2", size = 225246, upload-time = "2026-08-02T18:49:38.366Z" },
    { url = "https://files.pythonhosted.org/packages/9d/77/813a054371f3b018cc63c6bdb46a3c35d5e95d4e3ed4f1449d4196106db5/coverage-7.15.3-cp314-cp314-win_arm64.whl", hash = "sha256:69bc14684f8fbbee9f9dbaa4fe79719b0da9725fc37956785c06ec365acf6926", size = 224673, upload-time = "2026-08-02T18:49:40.552Z" },
    { url = "https://files.pythonhosted.org/packages/8f/63/8c9f36cc71178d26db930baa03a4494abcc516d8d41bf820d0d85ef1d80b/coverage-7.15.3-cp314-cp314t-macosx_10_15_x86_64.whl", hash = "sha256:f92df943c24b96cb215ca26b4f6a2283e63c5db80f1635aceea7fff11311917b", size = 223298, upload-time = "2026-08-02T18:49:42.634Z" },
    { url = "https://files.pythonhosted.org/packages/54/66/211f24d058ce9f56ebf1420d55b7574fdae924f6da3836f83c8bd4793e38/coverage-7.15.3-cp314-cp314t-macosx_11_0_arm64.whl", hash = "sha256:66591c46bdd2971d3ae2bc503a5f0459c2edcaf6b7e045b292000cc95bc6cb95", size = 223568, upload-time = "2026-08-02T18:49:44.706Z" },
    { url = "https://files.pythonhosted.org/packages/dd/bb/9c2ad5574a0d6420a96c6cade4f8a683931b9e79fe609f8924d7b6964616/coverage-7.15.3-cp314-cp314t-manylinux1_i686.manylinux_2_28_i686.manylinux_2_5_i686.whl", hash = "sha256:caa64458b81b18bfc67cdf1f6dc02b23e3edc672f2f8e11771fad75865415a43", size = 264932, upload-time = "2026-08-02T18:49:47.153Z" },
    { url = "https://files.pythonhosted.org/packages/ba/91/938c39e77bdd5a0a440412f975609ce3702dabbda6ac715719d93ca45a7b/coverage-7.15.3-cp314-cp314t-manylinux1_x86_64.manylinux_2_28_x86_64.manylinux_2_5_x86_64.whl", hash = "sha256:447f5421ccf5475956cf516d4ca1d575f487947b6f4e11f9d80c6aefe24b3dc8", size = 267052, upload-time = "2026-08-02T18:49:49.324Z" },
    { url = "https://files.pythonhosted.org/packages/b0/a3/7b431a98af35d9cc6394e54cde9435b33b8591672fbece6a4931267d7a8e/coverage-7.15.3-cp314-cp314t-manylinux2014_aarch64.manylinux_2_17_aarch64.manylinux_2_28_aarch64.whl", hash = "sha256:7a0c77ef8cd483a4987a5d12d1d9d5f7ee598dfdc6c0844417d847e5768dc779", size = 269473, upload-time = "2026-08-02T18:49:51.599Z" },
    { url = "https://files.pythonhosted.org/packages/32/58/dbc9951dce46be47a732823a1c571f62bcabdd54a68d8c281489a1a55cfb/coverage-7.15.3-cp314-cp314t-manylinux2014_ppc64le.manylinux_2_17_ppc64le.manylinux_2_28_ppc64le.whl", hash = "sha256:0b273f4ff657446a06c2d85bf80e134fa869a92852ba5f87854a70e1fb44da77", size = 270591, upload-time = "2026-08-02T18:49:53.865Z" },
    { url = "https://files.pythonhosted.org/packages/71/bd/1d610772c7c0889bfe477a59c46ee66ea53e271f3f06951e9d55b317f7c6/coverage-7.15.3-cp314-cp314t-manylinux_2_31_riscv64.manylinux_2_39_riscv64.whl", hash = "sha256:daea8c4fafa22488600405be2c2be525a9406fba3fc0a83acc726db3e14e2005", size = 264007, upload-time = "2026-08-02T18:49:55.875Z" },
    { url = "https://files.pythonhosted.org/packages/69/97/852eb3dcdba156b1a9078503f098499916bf889f964b61ad4a08223ac169/coverage-7.15.3-cp314-cp314t-musllinux_1_2_aarch64.whl", hash = "sha256:93ff57c530f3fa7aa69f92fb9b8892b8aa82712aa970842f4abf28657f42fb57", size = 266926, upload-time = "2026-08-02T18:49:57.944Z" },
    { url = "https://files.pythonhosted.org/packages/52/f8/b72cd238757fba2b587fc7dee047efe6e10b0c18343509faaaf502dd4680/coverage-7.15.3-cp314-cp314t-musllinux_1_2_i686.whl", hash = "sha256:4df21bef8b800eebda9018f53d49c9ace3aeb0090c850139b27923aafcb83e91", size = 264529, upload-time = "2026-08-02T18:50:00.035Z" },
    { url = "https://files.pythonhosted.org/packages/b8/0a/6c52ec4b7fb007cb6433d1fcfda4080cb15d75ad37ef9c31025f3427293e/coverage-7.15.3-cp314-cp314t-musllinux_1_2_ppc64le.whl", hash = "sha256:db567b02685f26034adcbd85055f80d12cdf02111b8ed00886093d98b2874ce2", size = 268263, upload-time = "2026-08-02T18:50:02.161Z" },
    { url = "https://files.pythonhosted.org/packages/c0/4e/f1f9aa3efd109a04353563a43fb5155340c1fdcdeaa6296ebed3b6f510ea/coverage-7.15.3-cp314-cp314t-musllinux_1_2_riscv64.whl", hash = "sha256:5318dd51b8600b947e058cf5a4fe54d183d9d13c49b97b64ca7be05a34df9bef", size = 263377, upload-time = "2026-08-02T18:50:04.243Z" },
    { url = "https://files.pythonhosted.org/packages/dd/fb/6b268a0b2728ef1c379ad656b899274477a5f6bed1bf6765b4b387fb0601/coverage-7.15.3-cp314-cp314t-musllinux_1_2_x86_64.whl", hash = "sha256:c995bfa383c54704839b6c4c2627a1c00895597ada0e5e8190c81d8bd620555c", size = 265688, upload-time = "2026-08-02T18:50:06.428Z" },
    { url = "https://files.pythonhosted.org/packages/29/54/1a3ea96e5d5e7cd41dc432597bfc60692910e635d05e1cc25a8ccc243581/coverage-7.15.3-cp314-cp314t-win32.whl", hash = "sha256:6433fafb8da0e1d02eb53411e0ecdadb6b88f0224fdc23317e703c0e88937d42", size = 225066, upload-time = "2026-08-02T18:50:08.533Z" },
    { url = "https://files.pythonhosted.org/packages/31/9d/a7b0d9afd18ed5274dd00651a78e7810a931c70d94b79996f150bec1a30f/coverage-7.15.3-cp314-cp314t-win_amd64.whl", hash = "sha256:fe578952b1b29fe8c777f43f241d49efac4b56724a3434f5d22ebe3c208df429", size = 225897, upload-time = "2026-08-02T18:50:10.572Z" },
    { url = "https://files.pythonhosted.org/packages/ca/11/34c5ae40b945e69aa72b87dc268135b7049905f3824af573b7073acbb946/coverage-7.15.3-cp314-cp314t-win_arm64.whl", hash = "sha256:d2e1acb7aee29dfa8f3e48c23f36670898baca1209d9bdd3985a50c7f982165e", size = 225212, upload-time = "2026-08-02T18:50:12.63Z" },
    { url = "https://files.pythonhosted.org/packages/37/e7/7069b3d6c018917f49ba2e1c5fb910e498c7fefa3a1b78cb1b79e61ff45d/coverage-7.15.3-py3-none-any.whl", hash = "sha256:da78fa6fc7dafe4212839173133ee85afcf42c5cd5f3e47fa7c1c210453b445e", size = 214297, upload-time = "2026-08-02T18:50:14.709Z" },
]

[[package]]
name = "iniconfig"
version = "2.3.0"
source = { registry = "https://pypi.org/simple" }
sdist = { url = "https://files.pythonhosted.org/packages/72/34/14ca021ce8e5dfedc35312d08ba8bf51fdd999c576889fc2c24cb97f4f10/iniconfig-2.3.0.tar.gz", hash = "sha256:c76315c77db068650d49c5b56314774a7804df16fee4402c1f19d6d15d8c4730", size = 20503, upload-time = "2025-10-18T21:55:43.219Z" }
wheels = [
    { url = "https://files.pythonhosted.org/packages/cb/b1/3846dd7f199d53cb17f49cba7e651e9ce294d8497c8c150530ed11865bb8/iniconfig-2.3.0-py3-none-any.whl", hash = "sha256:f631c04d2c48c52b84d0d0549c99ff3859c98df65b3101406327ecc7d53fbf12", size = 7484, upload-time = "2025-10-18T21:55:41.639Z" },
]

[[package]]
name = "markdown-it-py"
version = "4.2.0"
source = { registry = "https://pypi.org/simple" }
dependencies = [
    { name = "mdurl" },
]
sdist = { url = "https://files.pythonhosted.org/packages/06/ff/7841249c247aa650a76b9ee4bbaeae59370dc8bfd2f6c01f3630c35eb134/markdown_it_py-4.2.0.tar.gz", hash = "sha256:04a21681d6fbb623de53f6f364d352309d4094dd4194040a10fd51833e418d49", size = 82454, upload-time = "2026-05-07T12:08:28.36Z" }
wheels = [
    { url = "https://files.pythonhosted.org/packages/b3/81/4da04ced5a082363ecfa159c010d200ecbd959ae410c10c0264a38cac0f5/markdown_it_py-4.2.0-py3-none-any.whl", hash = "sha256:9f7ebbcd14fe59494226453aed97c1070d83f8d24b6fc3a3bcf9a38092641c4a", size = 91687, upload-time = "2026-05-07T12:08:27.182Z" },
]

[[package]]
name = "mdurl"
version = "0.1.2"
source = { registry = "https://pypi.org/simple" }
sdist = { url = "https://files.pythonhosted.org/packages/d6/54/cfe61301667036ec958cb99bd3efefba235e65cdeb9c84d24a8293ba1d90/mdurl-0.1.2.tar.gz", hash = "sha256:bb413d29f5eea38f31dd4754dd7377d4465116fb207585f97bf925588687c1ba", size = 8729, upload-time = "2022-08-14T12:40:10.846Z" }
wheels = [
    { url = "https://files.pythonhosted.org/packages/b3/38/89ba8ad64ae25be8de66a6d463314cf1eb366222074cfda9ee839c56a4b4/mdurl-0.1.2-py3-none-any.whl", hash = "sha256:84008a41e51615a49fc9966191ff91509e3c40b939176e643fd50a5c2196b8f8", size = 9979, upload-time = "2022-08-14T12:40:09.779Z" },
]

[[package]]
name = "packaging"
version = "26.2"
source = { registry = "https://pypi.org/simple" }
sdist = { url = "https://files.pythonhosted.org/packages/d7/f1/e7a6dd94a8d4a5626c03e4e99c87f241ba9e350cd9e6d75123f992427270/packaging-26.2.tar.gz", hash = "sha256:ff452ff5a3e828ce110190feff1178bb1f2ea2281fa2075aadb987c2fb221661", size = 228134, upload-time = "2026-04-24T20:15:23.917Z" }
wheels = [
    { url = "https://files.pythonhosted.org/packages/df/b2/87e62e8c3e2f4b32e5fe99e0b86d576da1312593b39f47d8ceef365e95ed/packaging-26.2-py3-none-any.whl", hash = "sha256:5fc45236b9446107ff2415ce77c807cee2862cb6fac22b8a73826d0693b0980e", size = 100195, upload-time = "2026-04-24T20:15:22.081Z" },
]

[[package]]
name = "pluggy"
version = "1.6.0"
source = { registry = "https://pypi.org/simple" }
sdist = { url = "https://files.pythonhosted.org/packages/f9/e2/3e91f31a7d2b083fe6ef3fa267035b518369d9511ffab804f839851d2779/pluggy-1.6.0.tar.gz", hash = "sha256:7dcc130b76258d33b90f61b658791dede3486c3e6bfb003ee5c9bfb396dd22f3", size = 69412, upload-time = "2025-05-15T12:30:07.975Z" }
wheels = [
    { url = "https://files.pythonhosted.org/packages/54/20/4d324d65cc6d9205fabedc306948156824eb9f0ee1633355a8f7ec5c66bf/pluggy-1.6.0-py3-none-any.whl", hash = "sha256:e920276dd6813095e9377c0bc5566d94c932c33b27a3e3945d8389c374dd4746", size = 20538, upload-time = "2025-05-15T12:30:06.134Z" },
]

[[package]]
name = "pygments"
version = "2.20.0"
source = { registry = "https://pypi.org/simple" }
sdist = { url = "https://files.pythonhosted.org/packages/c3/b2/bc9c9196916376152d655522fdcebac55e66de6603a76a02bca1b6414f6c/pygments-2.20.0.tar.gz", hash = "sha256:6757cd03768053ff99f3039c1a36d6c0aa0b263438fcab17520b30a303a82b5f", size = 4955991, upload-time = "2026-03-29T13:29:33.898Z" }
wheels = [
    { url = "https://files.pythonhosted.org/packages/f4/7e/a72dd26f3b0f4f2bf1dd8923c85f7ceb43172af56d63c7383eb62b332364/pygments-2.20.0-py3-none-any.whl", hash = "sha256:81a9e26dd42fd28a23a2d169d86d7ac03b46e2f8b59ed4698fb4785f946d0176", size = 1231151, upload-time = "2026-03-29T13:29:30.038Z" },
]

[[package]]
name = "pytest"
version = "9.0.3"
source = { registry = "https://pypi.org/simple" }
dependencies = [
    { name = "colorama", marker = "sys_platform == 'win32'" },
    { name = "iniconfig" },
    { name = "packaging" },
    { name = "pluggy" },
    { name = "pygments" },
]
sdist = { url = "https://files.pythonhosted.org/packages/7d/0d/549bd94f1a0a402dc8cf64563a117c0f3765662e2e668477624baeec44d5/pytest-9.0.3.tar.gz", hash = "sha256:b86ada508af81d19edeb213c681b1d48246c1a91d304c6c81a427674c17eb91c", size = 1572165, upload-time = "2026-04-07T17:16:18.027Z" }
wheels = [
    { url = "https://files.pythonhosted.org/packages/d4/24/a372aaf5c9b7208e7112038812994107bc65a84cd00e0354a88c2c77a617/pytest-9.0.3-py3-none-any.whl", hash = "sha256:2c5efc453d45394fdd706ade797c0a81091eccd1d6e4bccfcd476e2b8e0ab5d9", size = 375249, upload-time = "2026-04-07T17:16:16.13Z" },
]

[[package]]
name = "pytest-cov"
version = "7.1.0"
source = { registry = "https://pypi.org/simple" }
dependencies = [
    { name = "coverage" },
    { name = "pluggy" },
    { name = "pytest" },
]
sdist = { url = "https://files.pythonhosted.org/packages/b1/51/a849f96e117386044471c8ec2bd6cfebacda285da9525c9106aeb28da671/pytest_cov-7.1.0.tar.gz", hash = "sha256:30674f2b5f6351aa09702a9c8c364f6a01c27aae0c1366ae8016160d1efc56b2", size = 55592, upload-time = "2026-03-21T20:11:16.284Z" }
wheels = [
    { url = "https://files.pythonhosted.org/packages/9d/7a/d968e294073affff457b041c2be9868a40c1c71f4a35fcc1e45e5493067b/pytest_cov-7.1.0-py3-none-any.whl", hash = "sha256:a0461110b7865f9a271aa1b51e516c9a95de9d696734a2f71e3e78f46e1d4678", size = 22876, upload-time = "2026-03-21T20:11:14.438Z" },
]

[[package]]
name = "rich"
version = "15.0.0"
source = { registry = "https://pypi.org/simple" }
dependencies = [
    { name = "markdown-it-py" },
    { name = "pygments" },
]
sdist = { url = "https://files.pythonhosted.org/packages/c0/8f/0722ca900cc807c13a6a0c696dacf35430f72e0ec571c4275d2371fca3e9/rich-15.0.0.tar.gz", hash = "sha256:edd07a4824c6b40189fb7ac9bc4c52536e9780fbbfbddf6f1e2502c31b068c36", size = 230680, upload-time = "2026-04-12T08:24:00.75Z" }
wheels = [
    { url = "https://files.pythonhosted.org/packages/82/3b/64d4899d73f91ba49a8c18a8ff3f0ea8f1c1d75481760df8c68ef5235bf5/rich-15.0.0-py3-none-any.whl", hash = "sha256:33bd4ef74232fb73fe9279a257718407f169c09b78a87ad3d296f548e27de0bb", size = 310654, upload-time = "2026-04-12T08:24:02.83Z" },
]

[[package]]
name = "shellingham"
version = "1.5.4"
source = { registry = "https://pypi.org/simple" }
sdist = { url = "https://files.pythonhosted.org/packages/58/15/8b3609fd3830ef7b27b655beb4b4e9c62313a4e8da8c676e142cc210d58e/shellingham-1.5.4.tar.gz", hash = "sha256:8dbca0739d487e5bd35ab3ca4b36e11c4078f3a234bfce294b0a0291363404de", size = 10310, upload-time = "2023-10-24T04:13:40.426Z" }
wheels = [
    { url = "https://files.pythonhosted.org/packages/e0/f9/0595336914c5619e5f28a1fb793285925a8cd4b432c9da0a987836c7f822/shellingham-1.5.4-py2.py3-none-any.whl", hash = "sha256:7ecfff8f2fd72616f7481040475a65b2bf8af90a56c89140852d1120324e8686", size = 9755, upload-time = "2023-10-24T04:13:38.866Z" },
]

[[package]]
name = "skills"
version = "0.0.1"
source = { virtual = "." }

[package.dev-dependencies]
dev = [
    { name = "pytest" },
    { name = "pytest-cov" },
    { name = "ty" },
    { name = "typer" },
]

[package.metadata]

[package.metadata.requires-dev]
dev = [
    { name = "pytest", specifier = ">=9.0.3" },
    { name = "pytest-cov", specifier = ">=7.1.0" },
    { name = "ty", specifier = ">=0.0.18" },
    { name = "typer", specifier = ">=0.25.1" },
]

[[package]]
name = "ty"
version = "0.0.21"
source = { registry = "https://pypi.org/simple" }
sdist = { url = "https://files.pythonhosted.org/packages/ee/20/2ba8fd9493c89c41dfe9dbb73bc70a28b28028463bc0d2897ba8be36230a/ty-0.0.21.tar.gz", hash = "sha256:a4c2ba5d67d64df8fcdefd8b280ac1149d24a73dbda82fa953a0dff9d21400ed", size = 5297967, upload-time = "2026-03-06T01:57:13.809Z" }
wheels = [
    { url = "https://files.pythonhosted.org/packages/36/70/edf38bb37517531681d1c37f5df64744e5ad02673c02eb48447eae4bea08/ty-0.0.21-py3-none-linux_armv6l.whl", hash = "sha256:7bdf2f572378de78e1f388d24691c89db51b7caf07cf90f2bfcc1d6b18b70a76", size = 10299222, upload-time = "2026-03-06T01:57:16.64Z" },
    { url = "https://files.pythonhosted.org/packages/72/62/0047b0bd19afeefbc7286f20a5f78a2aa39f92b4d89853f0d7185ab89edc/ty-0.0.21-py3-none-macosx_10_12_x86_64.whl", hash = "sha256:7e9613994610431ab8625025bd2880dbcb77c5c9fabdd21134cda12d840a529d", size = 10130513, upload-time = "2026-03-06T01:57:29.93Z" },
    { url = "https://files.pythonhosted.org/packages/a2/20/0b93a9e91aaed23155780258cdfdb4726ef68b6985378ac069bc427291a0/ty-0.0.21-py3-none-macosx_11_0_arm64.whl", hash = "sha256:56d3b198b64dd0a19b2b66e257deaed2ecea568e722ae5352f3c6fb62027f89d", size = 9605425, upload-time = "2026-03-06T01:57:27.115Z" },
    { url = "https://files.pythonhosted.org/packages/ea/fd/9945e2fa2996a1287b1e1d7ce050e97e1f420233b271e770934bfa0880a0/ty-0.0.21-py3-none-manylinux_2_17_aarch64.manylinux2014_aarch64.whl", hash = "sha256:d23d2c34f7a77d974bb08f0860ef700addc8a683d81a0319f71c08f87506cfd0", size = 10108298, upload-time = "2026-03-06T01:57:35.429Z" },
    { url = "https://files.pythonhosted.org/packages/52/e7/4ec52fcb15f3200826c9f048472c062549a05b0d1ef0b51f32d527b513c4/ty-0.0.21-py3-none-manylinux_2_17_armv7l.manylinux2014_armv7l.whl", hash = "sha256:56b01fd2519637a4ca88344f61c96225f540c98ff18bca321d4eaa7bb0f7aa2f", size = 10121556, upload-time = "2026-03-06T01:57:03.242Z" },
    { url = "https://files.pythonhosted.org/packages/ee/c0/ad457be2a8abea0f25549598bd098554540ced66229488daa0d558dad3c8/ty-0.0.21-py3-none-manylinux_2_17_i686.manylinux2014_i686.whl", hash = "sha256:e9de7e11c63c6afc40f3e9ba716374add171aee7fabc70b5146a510705c6d41b", size = 10603264, upload-time = "2026-03-06T01:56:52.134Z" },
    { url = "https://files.pythonhosted.org/packages/f8/5b/2ecc7a2175243a4bcb72f5298ae41feabbb93b764bb0dc45722f3752c2c2/ty-0.0.21-py3-none-manylinux_2_17_ppc64le.manylinux2014_ppc64le.whl", hash = "sha256:62f7f5b235c4f7876db305c36997aea07b7af29b1a068f373d0e2547e25f32ff", size = 11196428, upload-time = "2026-03-06T01:57:32.94Z" },
    { url = "https://files.pythonhosted.org/packages/37/f5/aff507d6a901f328ef96a298032b0c11aaaf950a146ed7dd3b5bf2cd3acf/ty-0.0.21-py3-none-manylinux_2_17_s390x.manylinux2014_s390x.whl", hash = "sha256:ee8399f7c453a425291e6688efe430cfae7ab0ac4ffd50eba9f872bf878b54f6", size = 10866355, upload-time = "2026-03-06T01:56:57.831Z" },
    { url = "https://files.pythonhosted.org/packages/be/30/822bbcb92d55b65989aa7ed06d9585f28ade9c9447369194ed4b0fb3b5b9/ty-0.0.21-py3-none-manylinux_2_17_x86_64.manylinux2014_x86_64.whl", hash = "sha256:210e7568c9f886c4d01308d751949ee714ad7ad9d7d928d2ba90d329dd880367", size = 10738177, upload-time = "2026-03-06T01:57:11.256Z" },
    { url = "https://files.pythonhosted.org/packages/57/cc/46e7991b6469e93ac2c7e533a028983e402485580150ac864c56352a3a82/ty-0.0.21-py3-none-musllinux_1_2_aarch64.whl", hash = "sha256:53508e345b11569f78b21ba8e2b4e61df38a9754947fb3cd9f2ef574367338fb", size = 10079158, upload-time = "2026-03-06T01:57:00.516Z" },
    { url = "https://files.pythonhosted.org/packages/15/c2/0bbdadfbd008240f8f1a87dc877433cb3884436097926107ccf06e618199/ty-0.0.21-py3-none-musllinux_1_2_armv7l.whl", hash = "sha256:553e43571f4a35604c36cfd07d8b61a5eb7a714e3c67f8c4ff2cf674fefbaef9", size = 10150535, upload-time = "2026-03-06T01:57:08.815Z" },
    { url = "https://files.pythonhosted.org/packages/c5/b5/2dbdb7b57b5362200ef0a39738ebd31331726328336def0143ac097ee59d/ty-0.0.21-py3-none-musllinux_1_2_i686.whl", hash = "sha256:666f6822e3b9200abfa7e95eb0ddd576460adb8d66b550c0ad2c70abc84a2048", size = 10319803, upload-time = "2026-03-06T01:57:19.106Z" },
    { url = "https://files.pythonhosted.org/packages/72/84/70e52c0b7abc7c2086f9876ef454a73b161d3125315536d8d7e911c94ca4/ty-0.0.21-py3-none-musllinux_1_2_x86_64.whl", hash = "sha256:a0854d008347ce4a5fb351af132f660a390ab2a1163444d075251d43e6f74b9b", size = 10826239, upload-time = "2026-03-06T01:57:21.727Z" },
    { url = "https://files.pythonhosted.org/packages/a1/8a/1f72480fd013bbc6cd1929002abbbcde9a0b08ead6a15154de9d7f7fa37e/ty-0.0.21-py3-none-win32.whl", hash = "sha256:bef3ab4c7b966bcc276a8ac6c11b63ba222d21355b48d471ea782c4104eee4e0", size = 9693196, upload-time = "2026-03-06T01:57:24.126Z" },
    { url = "https://files.pythonhosted.org/packages/8d/f8/1104808b875c26c640e536945753a78562d606bef4e241d9dbf3d92477f6/ty-0.0.21-py3-none-win_amd64.whl", hash = "sha256:a709d576e5bea84b745d43058d8b9cd4f27f74a0b24acb4b0cbb7d3d41e0d050", size = 10668660, upload-time = "2026-03-06T01:56:55.06Z" },
    { url = "https://files.pythonhosted.org/packages/1b/b8/25e0adc404bbf986977657b25318991f93097b49f8aea640d93c0b0db68e/ty-0.0.21-py3-none-win_arm64.whl", hash = "sha256:f72047996598ac20553fb7e21ba5741e3c82dee4e9eadf10d954551a5fe09391", size = 10104161, upload-time = "2026-03-06T01:57:06.072Z" },
]

[[package]]
name = "typer"
version = "0.25.1"
source = { registry = "https://pypi.org/simple" }
dependencies = [
    { name = "annotated-doc" },
    { name = "click" },
    { name = "rich" },
    { name = "shellingham" },
]
sdist = { url = "https://files.pythonhosted.org/packages/e4/51/9aed62104cea109b820bbd6c14245af756112017d309da813ef107d42e7e/typer-0.25.1.tar.gz", hash = "sha256:9616eb8853a09ffeabab1698952f33c6f29ffdbceb4eaeecf571880e8d7664cc", size = 122276, upload-time = "2026-04-30T19:32:16.964Z" }
wheels = [
    { url = "https://files.pythonhosted.org/packages/3f/f9/2b3ff4e56e5fa7debfaf9eb135d0da96f3e9a1d5b27222223c7296336e5f/typer-0.25.1-py3-none-any.whl", hash = "sha256:75caa44ed46a03fb2dab8808753ffacdbfea88495e74c85a28c5eefcf5f39c89", size = 58409, upload-time = "2026-04-30T19:32:18.271Z" },
]
